// !$*UTF8*$!
{
	archiveVersion = 1;
	classes = {
	};
	objectVersion = 77;
	objects = {

/* Begin PBXBuildFile section */
		195E270A2FB77466008A9343 /* MyVoyageShareExtension.appex in Embed Foundation Extensions */ = {isa = PBXBuildFile; fileRef = 195E27002FB77465008A9343 /* MyVoyageShareExtension.appex */; settings = {ATTRIBUTES = (RemoveHeadersOnCopy, ); }; };
/* End PBXBuildFile section */

/* Begin PBXContainerItemProxy section */
		195E27082FB77466008A9343 /* PBXContainerItemProxy */ = {
			isa = PBXContainerItemProxy;
			containerPortal = 19D32F972FAF081500CBBE89 /* Project object */;
			proxyType = 1;
			remoteGlobalIDString = 195E26FF2FB77465008A9343;
			remoteInfo = MyVoyageShareExtension;
		};
		19D32FAD2FAF081600CBBE89 /* PBXContainerItemProxy */ = {
			isa = PBXContainerItemProxy;
			containerPortal = 19D32F972FAF081500CBBE89 /* Project object */;
			proxyType = 1;
			remoteGlobalIDString = 19D32F9E2FAF081500CBBE89;
			remoteInfo = MyVoyage;
		};
		19D32FB72FAF081600CBBE89 /* PBXContainerItemProxy */ = {
			isa = PBXContainerItemProxy;
			containerPortal = 19D32F972FAF081500CBBE89 /* Project object */;
			proxyType = 1;
			remoteGlobalIDString = 19D32F9E2FAF081500CBBE89;
			remoteInfo = MyVoyage;
		};
/* End PBXContainerItemProxy section */

/* Begin PBXCopyFilesBuildPhase section */
		195E270B2FB77466008A9343 /* Embed Foundation Extensions */ = {
			isa = PBXCopyFilesBuildPhase;
			buildActionMask = 2147483647;
			dstPath = "";
			dstSubfolderSpec = 13;
			files = (
				195E270A2FB77466008A9343 /* MyVoyageShareExtension.appex in Embed Foundation Extensions */,
			);
			name = "Embed Foundation Extensions";
			runOnlyForDeploymentPostprocessing = 0;
		};
/* End PBXCopyFilesBuildPhase section */

/* Begin PBXFileReference section */
		195E27002FB77465008A9343 /* MyVoyageShareExtension.appex */ = {isa = PBXFileReference; explicitFileType = "wrapper.app-extension"; includeInIndex = 0; path = MyVoyageShareExtension.appex; sourceTree = BUILT_PRODUCTS_DIR; };
		19D32F9F2FAF081500CBBE89 /* MyVoyage.app */ = {isa = PBXFileReference; explicitFileType = wrapper.application; includeInIndex = 0; path = MyVoyage.app; sourceTree = BUILT_PRODUCTS_DIR; };
		19D32FAC2FAF081600CBBE89 /* MyVoyageTests.xctest */ = {isa = PBXFileReference; explicitFileType = wrapper.cfbundle; includeInIndex = 0; path = MyVoyageTests.xctest; sourceTree = BUILT_PRODUCTS_DIR; };
		19D32FB62FAF081600CBBE89 /* MyVoyageUITests.xctest */ = {isa = PBXFileReference; explicitFileType = wrapper.cfbundle; includeInIndex = 0; path = MyVoyageUITests.xctest; sourceTree = BUILT_PRODUCTS_DIR; };
/* End PBXFileReference section */

/* Begin PBXFileSystemSynchronizedRootGroup section */
		195E27012FB77465008A9343 /* MyVoyageShareExtension */ = {
			isa = PBXFileSystemSynchronizedRootGroup;
			path = MyVoyageShareExtension;
			sourceTree = "<group>";
		};
		19D32FA12FAF081500CBBE89 /* MyVoyage */ = {
			isa = PBXFileSystemSynchronizedRootGroup;
			path = MyVoyage;
			sourceTree = "<group>";
		};
		19D32FAF2FAF081600CBBE89 /* MyVoyageTests */ = {
			isa = PBXFileSystemSynchronizedRootGroup;
			path = MyVoyageTests;
			sourceTree = "<group>";
		};
		19D32FB92FAF081600CBBE89 /* MyVoyageUITests */ = {
			isa = PBXFileSystemSynchronizedRootGroup;
			path = MyVoyageUITests;
			sourceTree = "<group>";
		};
/* End PBXFileSystemSynchronizedRootGroup section */

/* Begin PBXFrameworksBuildPhase section */
		195E26FD2FB77465008A9343 /* Frameworks */ = {
			isa = PBXFrameworksBuildPhase;
			buildActionMask = 2147483647;
			files = (
			);
			runOnlyForDeploymentPostprocessing = 0;
		};
		19D32F9C2FAF081500CBBE89 /* Frameworks */ = {
			isa = PBXFrameworksBuildPhase;
			buildActionMask = 2147483647;
			files = (
			);
			runOnlyForDeploymentPostprocessing = 0;
		};
		19D32FA92FAF081600CBBE89 /* Frameworks */ = {
			isa = PBXFrameworksBuildPhase;
			buildActionMask = 2147483647;
			files = (
			);
			runOnlyForDeploymentPostprocessing = 0;
		};
		19D32FB32FAF081600CBBE89 /* Frameworks */ = {
			isa = PBXFrameworksBuildPhase;
			buildActionMask = 2147483647;
			files = (
			);
			runOnlyForDeploymentPostprocessing = 0;
		};
/* End PBXFrameworksBuildPhase section */

/* Begin PBXGroup section */
		19D32F962FAF081500CBBE89 = {
			isa = PBXGroup;
			children = (
				19D32FA12FAF081500CBBE89 /* MyVoyage */,
				19D32FAF2FAF081600CBBE89 /* MyVoyageTests */,
				19D32FB92FAF081600CBBE89 /* MyVoyageUITests */,
				195E27012FB77465008A9343 /* MyVoyageShareExtension */,
				19D32FA02FAF081500CBBE89 /* Products */,
			);
			sourceTree = "<group>";
		};
		19D32FA02FAF081500CBBE89 /* Products */ = {
			isa = PBXGroup;
			children = (
				19D32F9F2FAF081500CBBE89 /* MyVoyage.app */,
				19D32FAC2FAF081600CBBE89 /* MyVoyageTests.xctest */,
				19D32FB62FAF081600CBBE89 /* MyVoyageUITests.xctest */,
				195E27002FB77465008A9343 /* MyVoyageShareExtension.appex */,
			);
			name = Products;
			sourceTree = "<group>";
		};
/* End PBXGroup section */

/* Begin PBXNativeTarget section */
		195E26FF2FB77465008A9343 /* MyVoyageShareExtension */ = {
			isa = PBXNativeTarget;
			buildConfigurationList = 195E270F2FB77466008A9343 /* Build configuration list for PBXNativeTarget "MyVoyageShareExtension" */;
			buildPhases = (
				195E26FC2FB77465008A9343 /* Sources */,
				195E26FD2FB77465008A9343 /* Frameworks */,
				195E26FE2FB77465008A9343 /* Resources */,
			);
			buildRules = (
			);
			dependencies = (
			);
			fileSystemSynchronizedGroups = (
				195E27012FB77465008A9343 /* MyVoyageShareExtension */,
			);
			name = MyVoyageShareExtension;
			packageProductDependencies = (
			);
			productName = MyVoyageShareExtension;
			productReference = 195E27002FB77465008A9343 /* MyVoyageShareExtension.appex */;
			productType = "com.apple.product-type.app-extension";
		};
		19D32F9E2FAF081500CBBE89 /* MyVoyage */ = {
			isa = PBXNativeTarget;
			buildConfigurationList = 19D32FC02FAF081600CBBE89 /* Build configuration list for PBXNativeTarget "MyVoyage" */;
			buildPhases = (
				19D32F9B2FAF081500CBBE89 /* Sources */,
				19D32F9C2FAF081500CBBE89 /* Frameworks */,
				19D32F9D2FAF081500CBBE89 /* Resources */,
				195E270B2FB77466008A9343 /* Embed Foundation Extensions */,
			);
			buildRules = (
			);
			dependencies = (
				195E27092FB77466008A9343 /* PBXTargetDependency */,
			);
			fileSystemSynchronizedGroups = (
				19D32FA12FAF081500CBBE89 /* MyVoyage */,
			);
			name = MyVoyage;
			packageProductDependencies = (
			);
			productName = MyVoyage;
			productReference = 19D32F9F2FAF081500CBBE89 /* MyVoyage.app */;
			productType = "com.apple.product-type.application";
		};
		19D32FAB2FAF081600CBBE89 /* MyVoyageTests */ = {
			isa = PBXNativeTarget;
			buildConfigurationList = 19D32FC32FAF081600CBBE89 /* Build configuration list for PBXNativeTarget "MyVoyageTests" */;
			buildPhases = (
				19D32FA82FAF081600CBBE89 /* Sources */,
				19D32FA92FAF081600CBBE89 /* Frameworks */,
				19D32FAA2FAF081600CBBE89 /* Resources */,
			);
			buildRules = (
			);
			dependencies = (
				19D32FAE2FAF081600CBBE89 /* PBXTargetDependency */,
			);
			fileSystemSynchronizedGroups = (
				19D32FAF2FAF081600CBBE89 /* MyVoyageTests */,
			);
			name = MyVoyageTests;
			packageProductDependencies = (
			);
			productName = MyVoyageTests;
			productReference = 19D32FAC2FAF081600CBBE89 /* MyVoyageTests.xctest */;
			productType = "com.apple.product-type.bundle.unit-test";
		};
		19D32FB52FAF081600CBBE89 /* MyVoyageUITests */ = {
			isa = PBXNativeTarget;
			buildConfigurationList = 19D32FC62FAF081600CBBE89 /* Build configuration list for PBXNativeTarget "MyVoyageUITests" */;
			buildPhases = (
				19D32FB22FAF081600CBBE89 /* Sources */,
				19D32FB32FAF081600CBBE89 /* Frameworks */,
				19D32FB42FAF081600CBBE89 /* Resources */,
			);
			buildRules = (
			);
			dependencies = (
				19D32FB82FAF081600CBBE89 /* PBXTargetDependency */,
			);
			fileSystemSynchronizedGroups = (
				19D32FB92FAF081600CBBE89 /* MyVoyageUITests */,
			);
			name = MyVoyageUITests;
			packageProductDependencies = (
			);
			productName = MyVoyageUITests;
			productReference = 19D32FB62FAF081600CBBE89 /* MyVoyageUITests.xctest */;
			productType = "com.apple.product-type.bundle.ui-testing";
		};
/* End PBXNativeTarget section */

/* Begin PBXProject section */
		19D32F972FAF081500CBBE89 /* Project object */ = {
			isa = PBXProject;
			attributes = {
				BuildIndependentTargetsInParallel = 1;
				LastSwiftUpdateCheck = 2650;
				LastUpgradeCheck = 2640;
				TargetAttributes = {
					195E26FF2FB77465008A9343 = {
						CreatedOnToolsVersion = 26.5;
						LastSwiftMigration = 2650;
					};
					19D32F9E2FAF081500CBBE89 = {
						CreatedOnToolsVersion = 26.4.1;
					};
					19D32FAB2FAF081600CBBE89 = {
						CreatedOnToolsVersion = 26.4.1;
						TestTargetID = 19D32F9E2FAF081500CBBE89;
					};
					19D32FB52FAF081600CBBE89 = {
						CreatedOnToolsVersion = 26.4.1;
						TestTargetID = 19D32F9E2FAF081500CBBE89;
					};
				};
			};
			buildConfigurationList = 19D32F9A2FAF081500CBBE89 /* Build configuration list for PBXProject "MyVoyage" */;
			developmentRegion = en;
			hasScannedForEncodings = 0;
			knownRegions = (
				en,
				Base,
			);
			mainGroup = 19D32F962FAF081500CBBE89;
			minimizedProjectReferenceProxies = 1;
			preferredProjectObjectVersion = 77;
			productRefGroup = 19D32FA02FAF081500CBBE89 /* Products */;
			projectDirPath = "";
			projectRoot = "";
			targets = (
				19D32F9E2FAF081500CBBE89 /* MyVoyage */,
				19D32FAB2FAF081600CBBE89 /* MyVoyageTests */,
				19D32FB52FAF081600CBBE89 /* MyVoyageUITests */,
				195E26FF2FB77465008A9343 /* MyVoyageShareExtension */,
			);
		};
/* End PBXProject section */

/* Begin PBXResourcesBuildPhase section */
		195E26FE2FB77465008A9343 /* Resources */ = {
			isa = PBXResourcesBuildPhase;
			buildActionMask = 2147483647;
			files = (
			);
			runOnlyForDeploymentPostprocessing = 0;
		};
		19D32F9D2FAF081500CBBE89 /* Resources */ = {
			isa = PBXResourcesBuildPhase;
			buildActionMask = 2147483647;
			files = (
			);
			runOnlyForDeploymentPostprocessing = 0;
		};
		19D32FAA2FAF081600CBBE89 /* Resources */ = {
			isa = PBXResourcesBuildPhase;
			buildActionMask = 2147483647;
			files = (
			);
			runOnlyForDeploymentPostprocessing = 0;
		};
		19D32FB42FAF081600CBBE89 /* Resources */ = {
			isa = PBXResourcesBuildPhase;
			buildActionMask = 2147483647;
			files = (
			);
			runOnlyForDeploymentPostprocessing = 0;
		};
/* End PBXResourcesBuildPhase section */

/* Begin PBXSourcesBuildPhase section */
		195E26FC2FB77465008A9343 /* Sources */ = {
			isa = PBXSourcesBuildPhase;
			buildActionMask = 2147483647;
			files = (
			);
			runOnlyForDeploymentPostprocessing = 0;
		};
		19D32F9B2FAF081500CBBE89 /* Sources */ = {
			isa = PBXSourcesBuildPhase;
			buildActionMask = 2147483647;
			files = (
			);
			runOnlyForDeploymentPostprocessing = 0;
		};
		19D32FA82FAF081600CBBE89 /* Sources */ = {
			isa = PBXSourcesBuildPhase;
			buildActionMask = 2147483647;
			files = (
			);
			runOnlyForDeploymentPostprocessing = 0;
		};
		19D32FB22FAF081600CBBE89 /* Sources */ = {
			isa = PBXSourcesBuildPhase;
			buildActionMask = 2147483647;
			files = (
			);
			runOnlyForDeploymentPostprocessing = 0;
		};
/* End PBXSourcesBuildPhase section */

/* Begin PBXTargetDependency section */
		195E27092FB77466008A9343 /* PBXTargetDependency */ = {
			isa = PBXTargetDependency;
			target = 195E26FF2FB77465008A9343 /* MyVoyageShareExtension */;
			targetProxy = 195E27082FB77466008A9343 /* PBXContainerItemProxy */;
		};
		19D32FAE2FAF081600CBBE89 /* PBXTargetDependency */ = {
			isa = PBXTargetDependency;
			target = 19D32F9E2FAF081500CBBE89 /* MyVoyage */;
			targetProxy = 19D32FAD2FAF081600CBBE89 /* PBXContainerItemProxy */;
		};
		19D32FB82FAF081600CBBE89 /* PBXTargetDependency */ = {
			isa = PBXTargetDependency;
			target = 19D32F9E2FAF081500CBBE89 /* MyVoyage */;
			targetProxy = 19D32FB72FAF081600CBBE89 /* PBXContainerItemProxy */;
		};
/* End PBXTargetDependency section */

/* Begin XCBuildConfiguration section */
		195E270C2FB77466008A9343 /* Debug */ = {
			isa = XCBuildConfiguration;
			buildSettings = {
				CLANG_ENABLE_MODULES = YES;
				CODE_SIGN_ENTITLEMENTS = MyVoyageShareExtension.entitlements;
				CODE_SIGN_STYLE = Automatic;
				CURRENT_PROJECT_VERSION = 1;
				DEVELOPMENT_TEAM = S4UB6HE54Y;
				GENERATE_INFOPLIST_FILE = YES;
				INFOPLIST_FILE = "MyVoyageShareExtension-Info.plist";
				INFOPLIST_KEY_CFBundleDisplayName = MyVoyage;
				IPHONEOS_DEPLOYMENT_TARGET = 26.4;
				LD_RUNPATH_SEARCH_PATHS = (
					"$(inherited)",
					"@executable_path/Frameworks",
					"@executable_path/../../Frameworks",
				);
				MARKETING_VERSION = 1.0;
				PRODUCT_BUNDLE_IDENTIFIER = "hoepker-consult.MyVoyage.MyVoyageShareExtension";
				PRODUCT_NAME = "$(TARGET_NAME)";
				SKIP_INSTALL = YES;
				STRING_CATALOG_GENERATE_SYMBOLS = YES;
				SWIFT_APPROACHABLE_CONCURRENCY = YES;
				SWIFT_EMIT_LOC_STRINGS = YES;
				SWIFT_OPTIMIZATION_LEVEL = "-Onone";
				SWIFT_UPCOMING_FEATURE_MEMBER_IMPORT_VISIBILITY = YES;
				SWIFT_VERSION = 5.0;
				TARGETED_DEVICE_FAMILY = "1,2";
			};
			name = Debug;
		};
		195E270D2FB77466008A9343 /* Release */ = {
			isa = XCBuildConfiguration;
			buildSettings = {
				CLANG_ENABLE_MODULES = YES;
				CODE_SIGN_ENTITLEMENTS = MyVoyageShareExtension.entitlements;
				CODE_SIGN_STYLE = Automatic;
				CURRENT_PROJECT_VERSION = 1;
				DEVELOPMENT_TEAM = S4UB6HE54Y;
				GENERATE_INFOPLIST_FILE = YES;
				INFOPLIST_FILE = "MyVoyageShareExtension-Info.plist";
				INFOPLIST_KEY_CFBundleDisplayName = MyVoyage;
				IPHONEOS_DEPLOYMENT_TARGET = 26.4;
				LD_RUNPATH_SEARCH_PATHS = (
					"$(inherited)",
					"@executable_path/Frameworks",
					"@executable_path/../../Frameworks",
				);
				MARKETING_VERSION = 1.0;
				PRODUCT_BUNDLE_IDENTIFIER = "hoepker-consult.MyVoyage.MyVoyageShareExtension";
				PRODUCT_NAME = "$(TARGET_NAME)";
				SKIP_INSTALL = YES;
				STRING_CATALOG_GENERATE_SYMBOLS = YES;
				SWIFT_APPROACHABLE_CONCURRENCY = YES;
				SWIFT_EMIT_LOC_STRINGS = YES;
				SWIFT_UPCOMING_FEATURE_MEMBER_IMPORT_VISIBILITY = YES;
				SWIFT_VERSION = 5.0;
				TARGETED_DEVICE_FAMILY = "1,2";
			};
			name = Release;
		};
		19D32FBE2FAF081600CBBE89 /* Debug */ = {
			isa = XCBuildConfiguration;
			buildSettings = {
				ALWAYS_SEARCH_USER_PATHS = NO;
				ASSETCATALOG_COMPILER_GENERATE_SWIFT_ASSET_SYMBOL_EXTENSIONS = YES;
				CLANG_ANALYZER_NONNULL = YES;
				CLANG_ANALYZER_NUMBER_OBJECT_CONVERSION = YES_AGGRESSIVE;
				CLANG_CXX_LANGUAGE_STANDARD = "gnu++20";
				CLANG_ENABLE_MODULES = YES;
				CLANG_ENABLE_OBJC_ARC = YES;
				CLANG_ENABLE_OBJC_WEAK = YES;
				CLANG_WARN_BLOCK_CAPTURE_AUTORELEASING = YES;
				CLANG_WARN_BOOL_CONVERSION = YES;
				CLANG_WARN_COMMA = YES;
				CLANG_WARN_CONSTANT_CONVERSION = YES;
				CLANG_WARN_DEPRECATED_OBJC_IMPLEMENTATIONS = YES;
				CLANG_WARN_DIRECT_OBJC_ISA_USAGE = YES_ERROR;
				CLANG_WARN_DOCUMENTATION_COMMENTS = YES;
				CLANG_WARN_EMPTY_BODY = YES;
				CLANG_WARN_ENUM_CONVERSION = YES;
				CLANG_WARN_INFINITE_RECURSION = YES;
				CLANG_WARN_INT_CONVERSION = YES;
				CLANG_WARN_NON_LITERAL_NULL_CONVERSION = YES;
				CLANG_WARN_OBJC_IMPLICIT_RETAIN_SELF = YES;
				CLANG_WARN_OBJC_LITERAL_CONVERSION = YES;
				CLANG_WARN_OBJC_ROOT_CLASS = YES_ERROR;
				CLANG_WARN_QUOTED_INCLUDE_IN_FRAMEWORK_HEADER = YES;
				CLANG_WARN_RANGE_LOOP_ANALYSIS = YES;
				CLANG_WARN_STRICT_PROTOTYPES = YES;
				CLANG_WARN_SUSPICIOUS_MOVE = YES;
				CLANG_WARN_UNGUARDED_AVAILABILITY = YES_AGGRESSIVE;
				CLANG_WARN_UNREACHABLE_CODE = YES;
				CLANG_WARN__DUPLICATE_METHOD_MATCH = YES;
				COPY_PHASE_STRIP = NO;
				DEBUG_INFORMATION_FORMAT = dwarf;
				DEVELOPMENT_TEAM = S4UB6HE54Y;
				ENABLE_STRICT_OBJC_MSGSEND = YES;
				ENABLE_TESTABILITY = YES;
				ENABLE_USER_SCRIPT_SANDBOXING = YES;
				GCC_C_LANGUAGE_STANDARD = gnu17;
				GCC_DYNAMIC_NO_PIC = NO;
				GCC_NO_COMMON_BLOCKS = YES;
				GCC_OPTIMIZATION_LEVEL = 0;
				GCC_PREPROCESSOR_DEFINITIONS = (
					"DEBUG=1",
					"$(inherited)",
				);
				GCC_WARN_64_TO_32_BIT_CONVERSION = YES;
				GCC_WARN_ABOUT_RETURN_TYPE = YES_ERROR;
				GCC_WARN_UNDECLARED_SELECTOR = YES;
				GCC_WARN_UNINITIALIZED_AUTOS = YES_AGGRESSIVE;
				GCC_WARN_UNUSED_FUNCTION = YES;
				GCC_WARN_UNUSED_VARIABLE = YES;
				IPHONEOS_DEPLOYMENT_TARGET = 26.4;
				LOCALIZATION_PREFERS_STRING_CATALOGS = YES;
				MTL_ENABLE_DEBUG_INFO = INCLUDE_SOURCE;
				MTL_FAST_MATH = YES;
				ONLY_ACTIVE_ARCH = YES;
				SDKROOT = iphoneos;
				SWIFT_ACTIVE_COMPILATION_CONDITIONS = "DEBUG $(inherited)";
				SWIFT_OPTIMIZATION_LEVEL = "-Onone";
			};
			name = Debug;
		};
		19D32FBF2FAF081600CBBE89 /* Release */ = {
			isa = XCBuildConfiguration;
			buildSettings = {
				ALWAYS_SEARCH_USER_PATHS = NO;
				ASSETCATALOG_COMPILER_GENERATE_SWIFT_ASSET_SYMBOL_EXTENSIONS = YES;
				CLANG_ANALYZER_NONNULL = YES;
				CLANG_ANALYZER_NUMBER_OBJECT_CONVERSION = YES_AGGRESSIVE;
				CLANG_CXX_LANGUAGE_STANDARD = "gnu++20";
				CLANG_ENABLE_MODULES = YES;
				CLANG_ENABLE_OBJC_ARC = YES;
				CLANG_ENABLE_OBJC_WEAK = YES;
				CLANG_WARN_BLOCK_CAPTURE_AUTORELEASING = YES;
				CLANG_WARN_BOOL_CONVERSION = YES;
				CLANG_WARN_COMMA = YES;
				CLANG_WARN_CONSTANT_CONVERSION = YES;
				CLANG_WARN_DEPRECATED_OBJC_IMPLEMENTATIONS = YES;
				CLANG_WARN_DIRECT_OBJC_ISA_USAGE = YES_ERROR;
				CLANG_WARN_DOCUMENTATION_COMMENTS = YES;
				CLANG_WARN_EMPTY_BODY = YES;
				CLANG_WARN_ENUM_CONVERSION = YES;
				CLANG_WARN_INFINITE_RECURSION = YES;
				CLANG_WARN_INT_CONVERSION = YES;
				CLANG_WARN_NON_LITERAL_NULL_CONVERSION = YES;
				CLANG_WARN_OBJC_IMPLICIT_RETAIN_SELF = YES;
				CLANG_WARN_OBJC_LITERAL_CONVERSION = YES;
				CLANG_WARN_OBJC_ROOT_CLASS = YES_ERROR;
				CLANG_WARN_QUOTED_INCLUDE_IN_FRAMEWORK_HEADER = YES;
				CLANG_WARN_RANGE_LOOP_ANALYSIS = YES;
				CLANG_WARN_STRICT_PROTOTYPES = YES;
				CLANG_WARN_SUSPICIOUS_MOVE = YES;
				CLANG_WARN_UNGUARDED_AVAILABILITY = YES_AGGRESSIVE;
				CLANG_WARN_UNREACHABLE_CODE = YES;
				CLANG_WARN__DUPLICATE_METHOD_MATCH = YES;
				COPY_PHASE_STRIP = NO;
				DEBUG_INFORMATION_FORMAT = "dwarf-with-dsym";
				DEVELOPMENT_TEAM = S4UB6HE54Y;
				ENABLE_NS_ASSERTIONS = NO;
				ENABLE_STRICT_OBJC_MSGSEND = YES;
				ENABLE_USER_SCRIPT_SANDBOXING = YES;
				GCC_C_LANGUAGE_STANDARD = gnu17;
				GCC_NO_COMMON_BLOCKS = YES;
				GCC_WARN_64_TO_32_BIT_CONVERSION = YES;
				GCC_WARN_ABOUT_RETURN_TYPE = YES_ERROR;
				GCC_WARN_UNDECLARED_SELECTOR = YES;
				GCC_WARN_UNINITIALIZED_AUTOS = YES_AGGRESSIVE;
				GCC_WARN_UNUSED_FUNCTION = YES;
				GCC_WARN_UNUSED_VARIABLE = YES;
				IPHONEOS_DEPLOYMENT_TARGET = 26.4;
				LOCALIZATION_PREFERS_STRING_CATALOGS = YES;
				MTL_ENABLE_DEBUG_INFO = NO;
				MTL_FAST_MATH = YES;
				SDKROOT = iphoneos;
				SWIFT_COMPILATION_MODE = wholemodule;
				VALIDATE_PRODUCT = YES;
			};
			name = Release;
		};
		19D32FC12FAF081600CBBE89 /* Debug */ = {
			isa = XCBuildConfiguration;
			buildSettings = {
				ASSETCATALOG_COMPILER_APPICON_NAME = AppIcon;
				ASSETCATALOG_COMPILER_GLOBAL_ACCENT_COLOR_NAME = AccentColor;
				CODE_SIGN_ENTITLEMENTS = MyVoyage.entitlements;
				CODE_SIGN_STYLE = Automatic;
				CURRENT_PROJECT_VERSION = 1;
				DEVELOPMENT_TEAM = S4UB6HE54Y;
				ENABLE_PREVIEWS = YES;
				GENERATE_INFOPLIST_FILE = YES;
				INFOPLIST_FILE = "MyVoyage-Info.plist";
				INFOPLIST_KEY_UIApplicationSceneManifest_Generation = YES;
				INFOPLIST_KEY_UIApplicationSupportsIndirectInputEvents = YES;
				INFOPLIST_KEY_UILaunchScreen_Generation = YES;
				INFOPLIST_KEY_UISupportedInterfaceOrientations_iPad = "UIInterfaceOrientationPortrait UIInterfaceOrientationPortraitUpsideDown UIInterfaceOrientationLandscapeLeft UIInterfaceOrientationLandscapeRight";
				INFOPLIST_KEY_UISupportedInterfaceOrientations_iPhone = "UIInterfaceOrientationPortrait UIInterfaceOrientationLandscapeLeft UIInterfaceOrientationLandscapeRight";
				LD_RUNPATH_SEARCH_PATHS = (
					"$(inherited)",
					"@executable_path/Frameworks",
				);
				MARKETING_VERSION = 1.0;
				PRODUCT_BUNDLE_IDENTIFIER = "hoepker-consult.MyVoyage";
				PRODUCT_NAME = "$(TARGET_NAME)";
				STRING_CATALOG_GENERATE_SYMBOLS = YES;
				SWIFT_APPROACHABLE_CONCURRENCY = YES;
				SWIFT_DEFAULT_ACTOR_ISOLATION = MainActor;
				SWIFT_EMIT_LOC_STRINGS = YES;
				SWIFT_UPCOMING_FEATURE_MEMBER_IMPORT_VISIBILITY = YES;
				SWIFT_VERSION = 5.0;
				TARGETED_DEVICE_FAMILY = "1,2";
			};
			name = Debug;
		};
		19D32FC22FAF081600CBBE89 /* Release */ = {
			isa = XCBuildConfiguration;
			buildSettings = {
				ASSETCATALOG_COMPILER_APPICON_NAME = AppIcon;
				ASSETCATALOG_COMPILER_GLOBAL_ACCENT_COLOR_NAME = AccentColor;
				CODE_SIGN_ENTITLEMENTS = MyVoyage.entitlements;
				CODE_SIGN_STYLE = Automatic;
				CURRENT_PROJECT_VERSION = 1;
				DEVELOPMENT_TEAM = S4UB6HE54Y;
				ENABLE_PREVIEWS = YES;
				GENERATE_INFOPLIST_FILE = YES;
				INFOPLIST_FILE = "MyVoyage-Info.plist";
				INFOPLIST_KEY_UIApplicationSceneManifest_Generation = YES;
				INFOPLIST_KEY_UIApplicationSupportsIndirectInputEvents = YES;
				INFOPLIST_KEY_UILaunchScreen_Generation = YES;
				INFOPLIST_KEY_UISupportedInterfaceOrientations_iPad = "UIInterfaceOrientationPortrait UIInterfaceOrientationPortraitUpsideDown UIInterfaceOrientationLandscapeLeft UIInterfaceOrientationLandscapeRight";
				INFOPLIST_KEY_UISupportedInterfaceOrientations_iPhone = "UIInterfaceOrientationPortrait UIInterfaceOrientationLandscapeLeft UIInterfaceOrientationLandscapeRight";
				LD_RUNPATH_SEARCH_PATHS = (
					"$(inherited)",
					"@executable_path/Frameworks",
				);
				MARKETING_VERSION = 1.0;
				PRODUCT_BUNDLE_IDENTIFIER = "hoepker-consult.MyVoyage";
				PRODUCT_NAME = "$(TARGET_NAME)";
				STRING_CATALOG_GENERATE_SYMBOLS = YES;
				SWIFT_APPROACHABLE_CONCURRENCY = YES;
				SWIFT_DEFAULT_ACTOR_ISOLATION = MainActor;
				SWIFT_EMIT_LOC_STRINGS = YES;
				SWIFT_UPCOMING_FEATURE_MEMBER_IMPORT_VISIBILITY = YES;
				SWIFT_VERSION = 5.0;
				TARGETED_DEVICE_FAMILY = "1,2";
			};
			name = Release;
		};
		19D32FC42FAF081600CBBE89 /* Debug */ = {
			isa = XCBuildConfiguration;
			buildSettings = {
				BUNDLE_LOADER = "$(TEST_HOST)";
				CODE_SIGN_STYLE = Automatic;
				CURRENT_PROJECT_VERSION = 1;
				DEVELOPMENT_TEAM = S4UB6HE54Y;
				GENERATE_INFOPLIST_FILE = YES;
				IPHONEOS_DEPLOYMENT_TARGET = 26.4;
				MARKETING_VERSION = 1.0;
				PRODUCT_BUNDLE_IDENTIFIER = "hoepker-consult.MyVoyageTests";
				PRODUCT_NAME = "$(TARGET_NAME)";
				STRING_CATALOG_GENERATE_SYMBOLS = NO;
				SWIFT_APPROACHABLE_CONCURRENCY = YES;
				SWIFT_EMIT_LOC_STRINGS = NO;
				SWIFT_UPCOMING_FEATURE_MEMBER_IMPORT_VISIBILITY = YES;
				SWIFT_VERSION = 5.0;
				TARGETED_DEVICE_FAMILY = "1,2";
				TEST_HOST = "$(BUILT_PRODUCTS_DIR)/MyVoyage.app/$(BUNDLE_EXECUTABLE_FOLDER_PATH)/MyVoyage";
			};
			name = Debug;
		};
		19D32FC52FAF081600CBBE89 /* Release */ = {
			isa = XCBuildConfiguration;
			buildSettings = {
				BUNDLE_LOADER = "$(TEST_HOST)";
				CODE_SIGN_STYLE = Automatic;
				CURRENT_PROJECT_VERSION = 1;
				DEVELOPMENT_TEAM = S4UB6HE54Y;
				GENERATE_INFOPLIST_FILE = YES;
				IPHONEOS_DEPLOYMENT_TARGET = 26.4;
				MARKETING_VERSION = 1.0;
				PRODUCT_BUNDLE_IDENTIFIER = "hoepker-consult.MyVoyageTests";
				PRODUCT_NAME = "$(TARGET_NAME)";
				STRING_CATALOG_GENERATE_SYMBOLS = NO;
				SWIFT_APPROACHABLE_CONCURRENCY = YES;
				SWIFT_EMIT_LOC_STRINGS = NO;
				SWIFT_UPCOMING_FEATURE_MEMBER_IMPORT_VISIBILITY = YES;
				SWIFT_VERSION = 5.0;
				TARGETED_DEVICE_FAMILY = "1,2";
				TEST_HOST = "$(BUILT_PRODUCTS_DIR)/MyVoyage.app/$(BUNDLE_EXECUTABLE_FOLDER_PATH)/MyVoyage";
			};
			name = Release;
		};
		19D32FC72FAF081600CBBE89 /* Debug */ = {
			isa = XCBuildConfiguration;
			buildSettings = {
				CODE_SIGN_STYLE = Automatic;
				CURRENT_PROJECT_VERSION = 1;
				DEVELOPMENT_TEAM = S4UB6HE54Y;
				GENERATE_INFOPLIST_FILE = YES;
				MARKETING_VERSION = 1.0;
				PRODUCT_BUNDLE_IDENTIFIER = "hoepker-consult.MyVoyageUITests";
				PRODUCT_NAME = "$(TARGET_NAME)";
				STRING_CATALOG_GENERATE_SYMBOLS = NO;
				SWIFT_APPROACHABLE_CONCURRENCY = YES;
				SWIFT_EMIT_LOC_STRINGS = NO;
				SWIFT_UPCOMING_FEATURE_MEMBER_IMPORT_VISIBILITY = YES;
				SWIFT_VERSION = 5.0;
				TARGETED_DEVICE_FAMILY = "1,2";
				TEST_TARGET_NAME = MyVoyage;
			};
			name = Debug;
		};
		19D32FC82FAF081600CBBE89 /* Release */ = {
			isa = XCBuildConfiguration;
			buildSettings = {
				CODE_SIGN_STYLE = Automatic;
				CURRENT_PROJECT_VERSION = 1;
				DEVELOPMENT_TEAM = S4UB6HE54Y;
				GENERATE_INFOPLIST_FILE = YES;
				MARKETING_VERSION = 1.0;
				PRODUCT_BUNDLE_IDENTIFIER = "hoepker-consult.MyVoyageUITests";
				PRODUCT_NAME = "$(TARGET_NAME)";
				STRING_CATALOG_GENERATE_SYMBOLS = NO;
				SWIFT_APPROACHABLE_CONCURRENCY = YES;
				SWIFT_EMIT_LOC_STRINGS = NO;
				SWIFT_UPCOMING_FEATURE_MEMBER_IMPORT_VISIBILITY = YES;
				SWIFT_VERSION = 5.0;
				TARGETED_DEVICE_FAMILY = "1,2";
				TEST_TARGET_NAME = MyVoyage;
			};
			name = Release;
		};
/* End XCBuildConfiguration section */

/* Begin XCConfigurationList section */
		195E270F2FB77466008A9343 /* Build configuration list for PBXNativeTarget "MyVoyageShareExtension" */ = {
			isa = XCConfigurationList;
			buildConfigurations = (
				195E270C2FB77466008A9343 /* Debug */,
				195E270D2FB77466008A9343 /* Release */,
			);
			defaultConfigurationIsVisible = 0;
			defaultConfigurationName = Release;
		};
		19D32F9A2FAF081500CBBE89 /* Build configuration list for PBXProject "MyVoyage" */ = {
			isa = XCConfigurationList;
			buildConfigurations = (
				19D32FBE2FAF081600CBBE89 /* Debug */,
				19D32FBF2FAF081600CBBE89 /* Release */,
			);
			defaultConfigurationIsVisible = 0;
			defaultConfigurationName = Release;
		};
		19D32FC02FAF081600CBBE89 /* Build configuration list for PBXNativeTarget "MyVoyage" */ = {
			isa = XCConfigurationList;
			buildConfigurations = (
				19D32FC12FAF081600CBBE89 /* Debug */,
				19D32FC22FAF081600CBBE89 /* Release */,
			);
			defaultConfigurationIsVisible = 0;
			defaultConfigurationName = Release;
		};
		19D32FC32FAF081600CBBE89 /* Build configuration list for PBXNativeTarget "MyVoyageTests" */ = {
			isa = XCConfigurationList;
			buildConfigurations = (
				19D32FC42FAF081600CBBE89 /* Debug */,
				19D32FC52FAF081600CBBE89 /* Release */,
			);
			defaultConfigurationIsVisible = 0;
			defaultConfigurationName = Release;
		};
		19D32FC62FAF081600CBBE89 /* Build configuration list for PBXNativeTarget "MyVoyageUITests" */ = {
			isa = XCConfigurationList;
			buildConfigurations = (
				19D32FC72FAF081600CBBE89 /* Debug */,
				19D32FC82FAF081600CBBE89 /* Release */,
			);
			defaultConfigurationIsVisible = 0;
			defaultConfigurationName = Release;
		};
/* End XCConfigurationList section */
	};
	rootObject = 19D32F972FAF081500CBBE89 /* Project object */;
}
